Microsoft Visual Studio Solution File, Format Version 11.00
# Visual Studio 2008

Project("{E7F0A520-2FD8-759B-C298-CAAB0ADEB10B}") = "PKill", "Assembly-CSharp-firstpass.csproj", "{D5E5E610-AD49-221C-60DF-C69467E24EF8}"
EndProject
Project("{E7F0A520-2FD8-759B-C298-CAAB0ADEB10B}") = "PKill", "Assembly-CSharp.csproj", "{07FF39A4-5522-968B-B8F5-B97EEBD5A0CC}"
EndProject
Project("{E7F0A520-2FD8-759B-C298-CAAB0ADEB10B}") = "PKill", "Assembly-CSharp-Editor.csproj", "{DDC37335-A9ED-5CEB-9514-D09A854F579E}"
EndProject
Project("{E7F0A520-2FD8-759B-C298-CAAB0ADEB10B}") = "PKill", "Assembly-UnityScript-firstpass.unityproj", "{9056005D-6436-E457-B67A-2F24BE2491AB}"
EndProject
Project("{E7F0A520-2FD8-759B-C298-CAAB0ADEB10B}") = "PKill", "Assembly-UnityScript-Editor.unityproj", "{21529380-C56D-5F4F-13B2-54BF779C5226}"
EndProject
Global
	GlobalSection(SolutionConfigurationPlatforms) = preSolution
		Debug|Any CPU = Debug|Any CPU
		Release|Any CPU = Release|Any CPU
	EndGlobalSection
	GlobalSection(ProjectConfigurationPlatforms) = postSolution
		{D5E5E610-AD49-221C-60DF-C69467E24EF8}.Debug|Any CPU.ActiveCfg = Debug|Any CPU
		{D5E5E610-AD49-221C-60DF-C69467E24EF8}.Debug|Any CPU.Build.0 = Debug|Any CPU
		{D5E5E610-AD49-221C-60DF-C69467E24EF8}.Release|Any CPU.ActiveCfg = Release|Any CPU
		{D5E5E610-AD49-221C-60DF-C69467E24EF8}.Release|Any CPU.Build.0 = Release|Any CPU
		{07FF39A4-5522-968B-B8F5-B97EEBD5A0CC}.Debug|Any CPU.ActiveCfg = Debug|Any CPU
		{07FF39A4-5522-968B-B8F5-B97EEBD5A0CC}.Debug|Any CPU.Build.0 = Debug|Any CPU
		{07FF39A4-5522-968B-B8F5-B97EEBD5A0CC}.Release|Any CPU.ActiveCfg = Release|Any CPU
		{07FF39A4-5522-968B-B8F5-B97EEBD5A0CC}.Release|Any CPU.Build.0 = Release|Any CPU
		{DDC37335-A9ED-5CEB-9514-D09A854F579E}.Debug|Any CPU.ActiveCfg = Debug|Any CPU
		{DDC37335-A9ED-5CEB-9514-D09A854F579E}.Debug|Any CPU.Build.0 = Debug|Any CPU
		{DDC37335-A9ED-5CEB-9514-D09A854F579E}.Release|Any CPU.ActiveCfg = Release|Any CPU
		{DDC37335-A9ED-5CEB-9514-D09A854F579E}.Release|Any CPU.Build.0 = Release|Any CPU
		{9056005D-6436-E457-B67A-2F24BE2491AB}.Debug|Any CPU.ActiveCfg = Debug|Any CPU
		{9056005D-6436-E457-B67A-2F24BE2491AB}.Debug|Any CPU.Build.0 = Debug|Any CPU
		{9056005D-6436-E457-B67A-2F24BE2491AB}.Release|Any CPU.ActiveCfg = Release|Any CPU
		{9056005D-6436-E457-B67A-2F24BE2491AB}.Release|Any CPU.Build.0 = Release|Any CPU
		{21529380-C56D-5F4F-13B2-54BF779C5226}.Debug|Any CPU.ActiveCfg = Debug|Any CPU
		{21529380-C56D-5F4F-13B2-54BF779C5226}.Debug|Any CPU.Build.0 = Debug|Any CPU
		{21529380-C56D-5F4F-13B2-54BF779C5226}.Release|Any CPU.ActiveCfg = Release|Any CPU
		{21529380-C56D-5F4F-13B2-54BF779C5226}.Release|Any CPU.Build.0 = Release|Any CPU
	EndGlobalSection
	GlobalSection(SolutionProperties) = preSolution
		HideSolutionNode = FALSE
	EndGlobalSection
																																		GlobalSection(MonoDevelopProperties) = preSolution
		StartupItem = Assembly-CSharp.csproj
		Policies = $0
		$0.TextStylePolicy = $1
		$1.inheritsSet = null
		$1.scope = text/x-csharp
		$0.CSharpFormattingPolicy = $2
		$2.inheritsSet = Mono
		$2.inheritsScope = text/x-csharp
		$2.scope = text/x-csharp
		$0.TextStylePolicy = $3
		$3.FileWidth = 120
		$3.TabWidth = 4
		$3.IndentWidth = 4
		$3.EolMarker = Unix
		$3.inheritsSet = Mono
		$3.inheritsScope = text/plain
		$3.scope = text/plain
	EndGlobalSection

EndGlobal
